// !$*UTF8*$!
{
	archiveVersion = 1;
	classes = {
	};
	objectVersion = 77;
	objects = {

/* Begin PBXBuildFile section */
		046764492D23E4D200D4A846 /* GoogleService-Info.plist in Resources */ = {isa = PBXBuildFile; fileRef = 046764482D23E4D200D4A846 /* GoogleService-Info.plist */; };
		0467644A2D23E4D200D4A846 /* GoogleService-Info.plist in Resources */ = {isa = PBXBuildFile; fileRef = 046764482D23E4D200D4A846 /* GoogleService-Info.plist */; };
		0467644B2D23E4D200D4A846 /* GoogleService-Info.plist in Resources */ = {isa = PBXBuildFile; fileRef = 046764482D23E4D200D4A846 /* GoogleService-Info.plist */; };
		0467644E2D23E83100D4A846 /* FirebaseAnalytics in Frameworks */ = {isa = PBXBuildFile; productRef = 0467644D2D23E83100D4A846 /* FirebaseAnalytics */; };
		046764502D23E83100D4A846 /* FirebaseAuth in Frameworks */ = {isa = PBXBuildFile; productRef = 0467644F2D23E83100D4A846 /* FirebaseAuth */; };
		046764522D23E83100D4A846 /* FirebaseCore in Frameworks */ = {isa = PBXBuildFile; productRef = 046764512D23E83100D4A846 /* FirebaseCore */; };
		046764542D23E83100D4A846 /* FirebaseCrashlytics in Frameworks */ = {isa = PBXBuildFile; productRef = 046764532D23E83100D4A846 /* FirebaseCrashlytics */; };
		046764562D23E83100D4A846 /* FirebaseFirestore in Frameworks */ = {isa = PBXBuildFile; productRef = 046764552D23E83100D4A846 /* FirebaseFirestore */; };
		046764582D23E83100D4A846 /* FirebaseMessaging in Frameworks */ = {isa = PBXBuildFile; productRef = 046764572D23E83100D4A846 /* FirebaseMessaging */; };
		0467645A2D23E83100D4A846 /* FirebaseStorage in Frameworks */ = {isa = PBXBuildFile; productRef = 046764592D23E83100D4A846 /* FirebaseStorage */; };
		0467645E2D2400D000D4A846 /* FirebaseFirestoreCombine-Community in Frameworks */ = {isa = PBXBuildFile; productRef = 0467645D2D2400D000D4A846 /* FirebaseFirestoreCombine-Community */; };
/* End PBXBuildFile section */

/* Begin PBXContainerItemProxy section */
		04DB4C492D21E4E900780699 /* PBXContainerItemProxy */ = {
			isa = PBXContainerItemProxy;
			containerPortal = 04DB4C302D21E4E700780699 /* Project object */;
			proxyType = 1;
			remoteGlobalIDString = 04DB4C372D21E4E700780699;
			remoteInfo = "sa-ra-(saferange)";
		};
		04DB4C532D21E4E900780699 /* PBXContainerItemProxy */ = {
			isa = PBXContainerItemProxy;
			containerPortal = 04DB4C302D21E4E700780699 /* Project object */;
			proxyType = 1;
			remoteGlobalIDString = 04DB4C372D21E4E700780699;
			remoteInfo = "sa-ra-(saferange)";
		};
/* End PBXContainerItemProxy section */

/* Begin PBXFileReference section */
		046764482D23E4D200D4A846 /* GoogleService-Info.plist */ = {isa = PBXFileReference; lastKnownFileType = text.plist.xml; path = "GoogleService-Info.plist"; sourceTree = "<group>"; };
		04DB4C382D21E4E700780699 /* sa-ra-(saferange).app */ = {isa = PBXFileReference; explicitFileType = wrapper.application; includeInIndex = 0; path = "sa-ra-(saferange).app"; sourceTree = BUILT_PRODUCTS_DIR; };
		04DB4C482D21E4E900780699 /* sa-ra-(saferange)Tests.xctest */ = {isa = PBXFileReference; explicitFileType = wrapper.cfbundle; includeInIndex = 0; path = "sa-ra-(saferange)Tests.xctest"; sourceTree = BUILT_PRODUCTS_DIR; };
		04DB4C522D21E4E900780699 /* sa-ra-(saferange)UITests.xctest */ = {isa = PBXFileReference; explicitFileType = wrapper.cfbundle; includeInIndex = 0; path = "sa-ra-(saferange)UITests.xctest"; sourceTree = BUILT_PRODUCTS_DIR; };
/* End PBXFileReference section */

/* Begin PBXFileSystemSynchronizedRootGroup section */
		04DB4C3A2D21E4E700780699 /* sa-ra-(saferange) */ = {
			isa = PBXFileSystemSynchronizedRootGroup;
			path = "sa-ra-(saferange)";
			sourceTree = "<group>";
		};
		04DB4C4B2D21E4E900780699 /* sa-ra-(saferange)Tests */ = {
			isa = PBXFileSystemSynchronizedRootGroup;
			path = "sa-ra-(saferange)Tests";
			sourceTree = "<group>";
		};
		04DB4C552D21E4E900780699 /* sa-ra-(saferange)UITests */ = {
			isa = PBXFileSystemSynchronizedRootGroup;
			path = "sa-ra-(saferange)UITests";
			sourceTree = "<group>";
		};
/* End PBXFileSystemSynchronizedRootGroup section */

/* Begin PBXFrameworksBuildPhase section */
		04DB4C352D21E4E700780699 /* Frameworks */ = {
			isa = PBXFrameworksBuildPhase;
			buildActionMask = 2147483647;
			files = (
				046764582D23E83100D4A846 /* FirebaseMessaging in Frameworks */,
				0467645E2D2400D000D4A846 /* FirebaseFirestoreCombine-Community in Frameworks */,
				0467644E2D23E83100D4A846 /* FirebaseAnalytics in Frameworks */,
				046764542D23E83100D4A846 /* FirebaseCrashlytics in Frameworks */,
				046764522D23E83100D4A846 /* FirebaseCore in Frameworks */,
				0467645A2D23E83100D4A846 /* FirebaseStorage in Frameworks */,
				046764562D23E83100D4A846 /* FirebaseFirestore in Frameworks */,
				046764502D23E83100D4A846 /* FirebaseAuth in Frameworks */,
			);
			runOnlyForDeploymentPostprocessing = 0;
		};
		04DB4C452D21E4E900780699 /* Frameworks */ = {
			isa = PBXFrameworksBuildPhase;
			buildActionMask = 2147483647;
			files = (
			);
			runOnlyForDeploymentPostprocessing = 0;
		};
		04DB4C4F2D21E4E900780699 /* Frameworks */ = {
			isa = PBXFrameworksBuildPhase;
			buildActionMask = 2147483647;
			files = (
			);
			runOnlyForDeploymentPostprocessing = 0;
		};
/* End PBXFrameworksBuildPhase section */

/* Begin PBXGroup section */
		04DB4C2F2D21E4E700780699 = {
			isa = PBXGroup;
			children = (
				04DB4C3A2D21E4E700780699 /* sa-ra-(saferange) */,
				04DB4C4B2D21E4E900780699 /* sa-ra-(saferange)Tests */,
				04DB4C552D21E4E900780699 /* sa-ra-(saferange)UITests */,
				04DB4C392D21E4E700780699 /* Products */,
				046764482D23E4D200D4A846 /* GoogleService-Info.plist */,
			);
			sourceTree = "<group>";
		};
		04DB4C392D21E4E700780699 /* Products */ = {
			isa = PBXGroup;
			children = (
				04DB4C382D21E4E700780699 /* sa-ra-(saferange).app */,
				04DB4C482D21E4E900780699 /* sa-ra-(saferange)Tests.xctest */,
				04DB4C522D21E4E900780699 /* sa-ra-(saferange)UITests.xctest */,
			);
			name = Products;
			sourceTree = "<group>";
		};
/* End PBXGroup section */

/* Begin PBXNativeTarget section */
		04DB4C372D21E4E700780699 /* sa-ra-(saferange) */ = {
			isa = PBXNativeTarget;
			buildConfigurationList = 04DB4C5C2D21E4E900780699 /* Build configuration list for PBXNativeTarget "sa-ra-(saferange)" */;
			buildPhases = (
				04DB4C342D21E4E700780699 /* Sources */,
				04DB4C352D21E4E700780699 /* Frameworks */,
				04DB4C362D21E4E700780699 /* Resources */,
			);
			buildRules = (
			);
			dependencies = (
			);
			fileSystemSynchronizedGroups = (
				04DB4C3A2D21E4E700780699 /* sa-ra-(saferange) */,
			);
			name = "sa-ra-(saferange)";
			packageProductDependencies = (
				0467644D2D23E83100D4A846 /* FirebaseAnalytics */,
				0467644F2D23E83100D4A846 /* FirebaseAuth */,
				046764512D23E83100D4A846 /* FirebaseCore */,
				046764532D23E83100D4A846 /* FirebaseCrashlytics */,
				046764552D23E83100D4A846 /* FirebaseFirestore */,
				046764572D23E83100D4A846 /* FirebaseMessaging */,
				046764592D23E83100D4A846 /* FirebaseStorage */,
				0467645D2D2400D000D4A846 /* FirebaseFirestoreCombine-Community */,
			);
			productName = "sa-ra-(saferange)";
			productReference = 04DB4C382D21E4E700780699 /* sa-ra-(saferange).app */;
			productType = "com.apple.product-type.application";
		};
		04DB4C472D21E4E900780699 /* sa-ra-(saferange)Tests */ = {
			isa = PBXNativeTarget;
			buildConfigurationList = 04DB4C5F2D21E4E900780699 /* Build configuration list for PBXNativeTarget "sa-ra-(saferange)Tests" */;
			buildPhases = (
				04DB4C442D21E4E900780699 /* Sources */,
				04DB4C452D21E4E900780699 /* Frameworks */,
				04DB4C462D21E4E900780699 /* Resources */,
			);
			buildRules = (
			);
			dependencies = (
				04DB4C4A2D21E4E900780699 /* PBXTargetDependency */,
			);
			fileSystemSynchronizedGroups = (
				04DB4C4B2D21E4E900780699 /* sa-ra-(saferange)Tests */,
			);
			name = "sa-ra-(saferange)Tests";
			packageProductDependencies = (
			);
			productName = "sa-ra-(saferange)Tests";
			productReference = 04DB4C482D21E4E900780699 /* sa-ra-(saferange)Tests.xctest */;
			productType = "com.apple.product-type.bundle.unit-test";
		};
		04DB4C512D21E4E900780699 /* sa-ra-(saferange)UITests */ = {
			isa = PBXNativeTarget;
			buildConfigurationList = 04DB4C622D21E4E900780699 /* Build configuration list for PBXNativeTarget "sa-ra-(saferange)UITests" */;
			buildPhases = (
				04DB4C4E2D21E4E900780699 /* Sources */,
				04DB4C4F2D21E4E900780699 /* Frameworks */,
				04DB4C502D21E4E900780699 /* Resources */,
			);
			buildRules = (
			);
			dependencies = (
				04DB4C542D21E4E900780699 /* PBXTargetDependency */,
			);
			fileSystemSynchronizedGroups = (
				04DB4C552D21E4E900780699 /* sa-ra-(saferange)UITests */,
			);
			name = "sa-ra-(saferange)UITests";
			packageProductDependencies = (
			);
			productName = "sa-ra-(saferange)UITests";
			productReference = 04DB4C522D21E4E900780699 /* sa-ra-(saferange)UITests.xctest */;
			productType = "com.apple.product-type.bundle.ui-testing";
		};
/* End PBXNativeTarget section */

/* Begin PBXProject section */
		04DB4C302D21E4E700780699 /* Project object */ = {
			isa = PBXProject;
			attributes = {
				BuildIndependentTargetsInParallel = 1;
				LastSwiftUpdateCheck = 1620;
				LastUpgradeCheck = 1620;
				TargetAttributes = {
					04DB4C372D21E4E700780699 = {
						CreatedOnToolsVersion = 16.2;
					};
					04DB4C472D21E4E900780699 = {
						CreatedOnToolsVersion = 16.2;
						TestTargetID = 04DB4C372D21E4E700780699;
					};
					04DB4C512D21E4E900780699 = {
						CreatedOnToolsVersion = 16.2;
						TestTargetID = 04DB4C372D21E4E700780699;
					};
				};
			};
			buildConfigurationList = 04DB4C332D21E4E700780699 /* Build configuration list for PBXProject "sa-ra-(saferange)" */;
			developmentRegion = en;
			hasScannedForEncodings = 0;
			knownRegions = (
				en,
				Base,
			);
			mainGroup = 04DB4C2F2D21E4E700780699;
			minimizedProjectReferenceProxies = 1;
			packageReferences = (
				0467644C2D23E83100D4A846 /* XCRemoteSwiftPackageReference "firebase-ios-sdk" */,
			);
			preferredProjectObjectVersion = 77;
			productRefGroup = 04DB4C392D21E4E700780699 /* Products */;
			projectDirPath = "";
			projectRoot = "";
			targets = (
				04DB4C372D21E4E700780699 /* sa-ra-(saferange) */,
				04DB4C472D21E4E900780699 /* sa-ra-(saferange)Tests */,
				04DB4C512D21E4E900780699 /* sa-ra-(saferange)UITests */,
			);
		};
/* End PBXProject section */

/* Begin PBXResourcesBuildPhase section */
		04DB4C362D21E4E700780699 /* Resources */ = {
			isa = PBXResourcesBuildPhase;
			buildActionMask = 2147483647;
			files = (
				0467644A2D23E4D200D4A846 /* GoogleService-Info.plist in Resources */,
			);
			runOnlyForDeploymentPostprocessing = 0;
		};
		04DB4C462D21E4E900780699 /* Resources */ = {
			isa = PBXResourcesBuildPhase;
			buildActionMask = 2147483647;
			files = (
				0467644B2D23E4D200D4A846 /* GoogleService-Info.plist in Resources */,
			);
			runOnlyForDeploymentPostprocessing = 0;
		};
		04DB4C502D21E4E900780699 /* Resources */ = {
			isa = PBXResourcesBuildPhase;
			buildActionMask = 2147483647;
			files = (
				046764492D23E4D200D4A846 /* GoogleService-Info.plist in Resources */,
			);
			runOnlyForDeploymentPostprocessing = 0;
		};
/* End PBXResourcesBuildPhase section */

/* Begin PBXSourcesBuildPhase section */
		04DB4C342D21E4E700780699 /* Sources */ = {
			isa = PBXSourcesBuildPhase;
			buildActionMask = 2147483647;
			files = (
			);
			runOnlyForDeploymentPostprocessing = 0;
		};
		04DB4C442D21E4E900780699 /* Sources */ = {
			isa = PBXSourcesBuildPhase;
			buildActionMask = 2147483647;
			files = (
			);
			runOnlyForDeploymentPostprocessing = 0;
		};
		04DB4C4E2D21E4E900780699 /* Sources */ = {
			isa = PBXSourcesBuildPhase;
			buildActionMask = 2147483647;
			files = (
			);
			runOnlyForDeploymentPostprocessing = 0;
		};
/* End PBXSourcesBuildPhase section */

/* Begin PBXTargetDependency section */
		04DB4C4A2D21E4E900780699 /* PBXTargetDependency */ = {
			isa = PBXTargetDependency;
			target = 04DB4C372D21E4E700780699 /* sa-ra-(saferange) */;
			targetProxy = 04DB4C492D21E4E900780699 /* PBXContainerItemProxy */;
		};
		04DB4C542D21E4E900780699 /* PBXTargetDependency */ = {
			isa = PBXTargetDependency;
			target = 04DB4C372D21E4E700780699 /* sa-ra-(saferange) */;
			targetProxy = 04DB4C532D21E4E900780699 /* PBXContainerItemProxy */;
		};
/* End PBXTargetDependency section */

/* Begin XCBuildConfiguration section */
		04DB4C5A2D21E4E900780699 /* Debug */ = {
			isa = XCBuildConfiguration;
			buildSettings = {
				ALWAYS_SEARCH_USER_PATHS = NO;
				ASSETCATALOG_COMPILER_GENERATE_SWIFT_ASSET_SYMBOL_EXTENSIONS = YES;
				CLANG_ANALYZER_NONNULL = YES;
				CLANG_ANALYZER_NUMBER_OBJECT_CONVERSION = YES_AGGRESSIVE;
				CLANG_CXX_LANGUAGE_STANDARD = "gnu++20";
				CLANG_ENABLE_MODULES = YES;
				CLANG_ENABLE_OBJC_ARC = YES;
				CLANG_ENABLE_OBJC_WEAK = YES;
				CLANG_WARN_BLOCK_CAPTURE_AUTORELEASING = YES;
				CLANG_WARN_BOOL_CONVERSION = YES;
				CLANG_WARN_COMMA = YES;
				CLANG_WARN_CONSTANT_CONVERSION = YES;
				CLANG_WARN_DEPRECATED_OBJC_IMPLEMENTATIONS = YES;
				CLANG_WARN_DIRECT_OBJC_ISA_USAGE = YES_ERROR;
				CLANG_WARN_DOCUMENTATION_COMMENTS = YES;
				CLANG_WARN_EMPTY_BODY = YES;
				CLANG_WARN_ENUM_CONVERSION = YES;
				CLANG_WARN_INFINITE_RECURSION = YES;
				CLANG_WARN_INT_CONVERSION = YES;
				CLANG_WARN_NON_LITERAL_NULL_CONVERSION = YES;
				CLANG_WARN_OBJC_IMPLICIT_RETAIN_SELF = YES;
				CLANG_WARN_OBJC_LITERAL_CONVERSION = YES;
				CLANG_WARN_OBJC_ROOT_CLASS = YES_ERROR;
				CLANG_WARN_QUOTED_INCLUDE_IN_FRAMEWORK_HEADER = YES;
				CLANG_WARN_RANGE_LOOP_ANALYSIS = YES;
				CLANG_WARN_STRICT_PROTOTYPES = YES;
				CLANG_WARN_SUSPICIOUS_MOVE = YES;
				CLANG_WARN_UNGUARDED_AVAILABILITY = YES_AGGRESSIVE;
				CLANG_WARN_UNREACHABLE_CODE = YES;
				CLANG_WARN__DUPLICATE_METHOD_MATCH = YES;
				COPY_PHASE_STRIP = NO;
				DEBUG_INFORMATION_FORMAT = dwarf;
				ENABLE_STRICT_OBJC_MSGSEND = YES;
				ENABLE_TESTABILITY = YES;
				ENABLE_USER_SCRIPT_SANDBOXING = YES;
				GCC_C_LANGUAGE_STANDARD = gnu17;
				GCC_DYNAMIC_NO_PIC = NO;
				GCC_NO_COMMON_BLOCKS = YES;
				GCC_OPTIMIZATION_LEVEL = 0;
				GCC_PREPROCESSOR_DEFINITIONS = (
					"DEBUG=1",
					"$(inherited)",
				);
				GCC_WARN_64_TO_32_BIT_CONVERSION = YES;
				GCC_WARN_ABOUT_RETURN_TYPE = YES_ERROR;
				GCC_WARN_UNDECLARED_SELECTOR = YES;
				GCC_WARN_UNINITIALIZED_AUTOS = YES_AGGRESSIVE;
				GCC_WARN_UNUSED_FUNCTION = YES;
				GCC_WARN_UNUSED_VARIABLE = YES;
				IPHONEOS_DEPLOYMENT_TARGET = 18.2;
				LOCALIZATION_PREFERS_STRING_CATALOGS = YES;
				MTL_ENABLE_DEBUG_INFO = INCLUDE_SOURCE;
				MTL_FAST_MATH = YES;
				ONLY_ACTIVE_ARCH = YES;
				SDKROOT = iphoneos;
				SWIFT_ACTIVE_COMPILATION_CONDITIONS = "DEBUG $(inherited)";
				SWIFT_OPTIMIZATION_LEVEL = "-Onone";
			};
			name = Debug;
		};
		04DB4C5B2D21E4E900780699 /* Release */ = {
			isa = XCBuildConfiguration;
			buildSettings = {
				ALWAYS_SEARCH_USER_PATHS = NO;
				ASSETCATALOG_COMPILER_GENERATE_SWIFT_ASSET_SYMBOL_EXTENSIONS = YES;
				CLANG_ANALYZER_NONNULL = YES;
				CLANG_ANALYZER_NUMBER_OBJECT_CONVERSION = YES_AGGRESSIVE;
				CLANG_CXX_LANGUAGE_STANDARD = "gnu++20";
				CLANG_ENABLE_MODULES = YES;
				CLANG_ENABLE_OBJC_ARC = YES;
				CLANG_ENABLE_OBJC_WEAK = YES;
				CLANG_WARN_BLOCK_CAPTURE_AUTORELEASING = YES;
				CLANG_WARN_BOOL_CONVERSION = YES;
				CLANG_WARN_COMMA = YES;
				CLANG_WARN_CONSTANT_CONVERSION = YES;
				CLANG_WARN_DEPRECATED_OBJC_IMPLEMENTATIONS = YES;
				CLANG_WARN_DIRECT_OBJC_ISA_USAGE = YES_ERROR;
				CLANG_WARN_DOCUMENTATION_COMMENTS = YES;
				CLANG_WARN_EMPTY_BODY = YES;
				CLANG_WARN_ENUM_CONVERSION = YES;
				CLANG_WARN_INFINITE_RECURSION = YES;
				CLANG_WARN_INT_CONVERSION = YES;
				CLANG_WARN_NON_LITERAL_NULL_CONVERSION = YES;
				CLANG_WARN_OBJC_IMPLICIT_RETAIN_SELF = YES;
				CLANG_WARN_OBJC_LITERAL_CONVERSION = YES;
				CLANG_WARN_OBJC_ROOT_CLASS = YES_ERROR;
				CLANG_WARN_QUOTED_INCLUDE_IN_FRAMEWORK_HEADER = YES;
				CLANG_WARN_RANGE_LOOP_ANALYSIS = YES;
				CLANG_WARN_STRICT_PROTOTYPES = YES;
				CLANG_WARN_SUSPICIOUS_MOVE = YES;
				CLANG_WARN_UNGUARDED_AVAILABILITY = YES_AGGRESSIVE;
				CLANG_WARN_UNREACHABLE_CODE = YES;
				CLANG_WARN__DUPLICATE_METHOD_MATCH = YES;
				COPY_PHASE_STRIP = NO;
				DEBUG_INFORMATION_FORMAT = "dwarf-with-dsym";
				ENABLE_NS_ASSERTIONS = NO;
				ENABLE_STRICT_OBJC_MSGSEND = YES;
				ENABLE_USER_SCRIPT_SANDBOXING = YES;
				GCC_C_LANGUAGE_STANDARD = gnu17;
				GCC_NO_COMMON_BLOCKS = YES;
				GCC_WARN_64_TO_32_BIT_CONVERSION = YES;
				GCC_WARN_ABOUT_RETURN_TYPE = YES_ERROR;
				GCC_WARN_UNDECLARED_SELECTOR = YES;
				GCC_WARN_UNINITIALIZED_AUTOS = YES_AGGRESSIVE;
				GCC_WARN_UNUSED_FUNCTION = YES;
				GCC_WARN_UNUSED_VARIABLE = YES;
				IPHONEOS_DEPLOYMENT_TARGET = 18.2;
				LOCALIZATION_PREFERS_STRING_CATALOGS = YES;
				MTL_ENABLE_DEBUG_INFO = NO;
				MTL_FAST_MATH = YES;
				SDKROOT = iphoneos;
				SWIFT_COMPILATION_MODE = wholemodule;
				VALIDATE_PRODUCT = YES;
			};
			name = Release;
		};
		04DB4C5D2D21E4E900780699 /* Debug */ = {
			isa = XCBuildConfiguration;
			buildSettings = {
				ASSETCATALOG_COMPILER_APPICON_NAME = AppIcon;
				ASSETCATALOG_COMPILER_GLOBAL_ACCENT_COLOR_NAME = AccentColor;
				CODE_SIGN_STYLE = Automatic;
				CURRENT_PROJECT_VERSION = 1;
				DEVELOPMENT_ASSET_PATHS = "\"sa-ra-(saferange)/Preview Content\"";
				DEVELOPMENT_TEAM = 9UYWFR6KDJ;
				ENABLE_PREVIEWS = YES;
				GENERATE_INFOPLIST_FILE = YES;
				INFOPLIST_KEY_UIApplicationSceneManifest_Generation = YES;
				INFOPLIST_KEY_UIApplicationSupportsIndirectInputEvents = YES;
				INFOPLIST_KEY_UILaunchScreen_Generation = YES;
				INFOPLIST_KEY_UISupportedInterfaceOrientations_iPad = "UIInterfaceOrientationPortrait UIInterfaceOrientationPortraitUpsideDown UIInterfaceOrientationLandscapeLeft UIInterfaceOrientationLandscapeRight";
				INFOPLIST_KEY_UISupportedInterfaceOrientations_iPhone = "UIInterfaceOrientationPortrait UIInterfaceOrientationLandscapeLeft UIInterfaceOrientationLandscapeRight";
				LD_RUNPATH_SEARCH_PATHS = (
					"$(inherited)",
					"@executable_path/Frameworks",
				);
				MARKETING_VERSION = 1.0;
				PRODUCT_BUNDLE_IDENTIFIER = "com.sa-ra--saferange-";
				PRODUCT_NAME = "$(TARGET_NAME)";
				SWIFT_EMIT_LOC_STRINGS = YES;
				SWIFT_VERSION = 5.0;
				TARGETED_DEVICE_FAMILY = "1,2";
			};
			name = Debug;
		};
		04DB4C5E2D21E4E900780699 /* Release */ = {
			isa = XCBuildConfiguration;
			buildSettings = {
				ASSETCATALOG_COMPILER_APPICON_NAME = AppIcon;
				ASSETCATALOG_COMPILER_GLOBAL_ACCENT_COLOR_NAME = AccentColor;
				CODE_SIGN_STYLE = Automatic;
				CURRENT_PROJECT_VERSION = 1;
				DEVELOPMENT_ASSET_PATHS = "\"sa-ra-(saferange)/Preview Content\"";
				DEVELOPMENT_TEAM = 9UYWFR6KDJ;
				ENABLE_PREVIEWS = YES;
				GENERATE_INFOPLIST_FILE = YES;
				INFOPLIST_KEY_UIApplicationSceneManifest_Generation = YES;
				INFOPLIST_KEY_UIApplicationSupportsIndirectInputEvents = YES;
				INFOPLIST_KEY_UILaunchScreen_Generation = YES;
				INFOPLIST_KEY_UISupportedInterfaceOrientations_iPad = "UIInterfaceOrientationPortrait UIInterfaceOrientationPortraitUpsideDown UIInterfaceOrientationLandscapeLeft UIInterfaceOrientationLandscapeRight";
				INFOPLIST_KEY_UISupportedInterfaceOrientations_iPhone = "UIInterfaceOrientationPortrait UIInterfaceOrientationLandscapeLeft UIInterfaceOrientationLandscapeRight";
				LD_RUNPATH_SEARCH_PATHS = (
					"$(inherited)",
					"@executable_path/Frameworks",
				);
				MARKETING_VERSION = 1.0;
				PRODUCT_BUNDLE_IDENTIFIER = "com.sa-ra--saferange-";
				PRODUCT_NAME = "$(TARGET_NAME)";
				SWIFT_EMIT_LOC_STRINGS = YES;
				SWIFT_VERSION = 5.0;
				TARGETED_DEVICE_FAMILY = "1,2";
			};
			name = Release;
		};
		04DB4C602D21E4E900780699 /* Debug */ = {
			isa = XCBuildConfiguration;
			buildSettings = {
				BUNDLE_LOADER = "$(TEST_HOST)";
				CODE_SIGN_STYLE = Automatic;
				CURRENT_PROJECT_VERSION = 1;
				DEVELOPMENT_TEAM = 9UYWFR6KDJ;
				GENERATE_INFOPLIST_FILE = YES;
				IPHONEOS_DEPLOYMENT_TARGET = 18.2;
				MARKETING_VERSION = 1.0;
				PRODUCT_BUNDLE_IDENTIFIER = "com.sa-ra--saferange-Tests";
				PRODUCT_NAME = "$(TARGET_NAME)";
				SWIFT_EMIT_LOC_STRINGS = NO;
				SWIFT_VERSION = 5.0;
				TARGETED_DEVICE_FAMILY = "1,2";
				TEST_HOST = "$(BUILT_PRODUCTS_DIR)/sa-ra-(saferange).app/$(BUNDLE_EXECUTABLE_FOLDER_PATH)/sa-ra-(saferange)";
			};
			name = Debug;
		};
		04DB4C612D21E4E900780699 /* Release */ = {
			isa = XCBuildConfiguration;
			buildSettings = {
				BUNDLE_LOADER = "$(TEST_HOST)";
				CODE_SIGN_STYLE = Automatic;
				CURRENT_PROJECT_VERSION = 1;
				DEVELOPMENT_TEAM = 9UYWFR6KDJ;
				GENERATE_INFOPLIST_FILE = YES;
				IPHONEOS_DEPLOYMENT_TARGET = 18.2;
				MARKETING_VERSION = 1.0;
				PRODUCT_BUNDLE_IDENTIFIER = "com.sa-ra--saferange-Tests";
				PRODUCT_NAME = "$(TARGET_NAME)";
				SWIFT_EMIT_LOC_STRINGS = NO;
				SWIFT_VERSION = 5.0;
				TARGETED_DEVICE_FAMILY = "1,2";
				TEST_HOST = "$(BUILT_PRODUCTS_DIR)/sa-ra-(saferange).app/$(BUNDLE_EXECUTABLE_FOLDER_PATH)/sa-ra-(saferange)";
			};
			name = Release;
		};
		04DB4C632D21E4E900780699 /* Debug */ = {
			isa = XCBuildConfiguration;
			buildSettings = {
				CODE_SIGN_STYLE = Automatic;
				CURRENT_PROJECT_VERSION = 1;
				DEVELOPMENT_TEAM = 9UYWFR6KDJ;
				GENERATE_INFOPLIST_FILE = YES;
				MARKETING_VERSION = 1.0;
				PRODUCT_BUNDLE_IDENTIFIER = "com.sa-ra--saferange-UITests";
				PRODUCT_NAME = "$(TARGET_NAME)";
				SWIFT_EMIT_LOC_STRINGS = NO;
				SWIFT_VERSION = 5.0;
				TARGETED_DEVICE_FAMILY = "1,2";
				TEST_TARGET_NAME = "sa-ra-(saferange)";
			};
			name = Debug;
		};
		04DB4C642D21E4E900780699 /* Release */ = {
			isa = XCBuildConfiguration;
			buildSettings = {
				CODE_SIGN_STYLE = Automatic;
				CURRENT_PROJECT_VERSION = 1;
				DEVELOPMENT_TEAM = 9UYWFR6KDJ;
				GENERATE_INFOPLIST_FILE = YES;
				MARKETING_VERSION = 1.0;
				PRODUCT_BUNDLE_IDENTIFIER = "com.sa-ra--saferange-UITests";
				PRODUCT_NAME = "$(TARGET_NAME)";
				SWIFT_EMIT_LOC_STRINGS = NO;
				SWIFT_VERSION = 5.0;
				TARGETED_DEVICE_FAMILY = "1,2";
				TEST_TARGET_NAME = "sa-ra-(saferange)";
			};
			name = Release;
		};
/* End XCBuildConfiguration section */

/* Begin XCConfigurationList section */
		04DB4C332D21E4E700780699 /* Build configuration list for PBXProject "sa-ra-(saferange)" */ = {
			isa = XCConfigurationList;
			buildConfigurations = (
				04DB4C5A2D21E4E900780699 /* Debug */,
				04DB4C5B2D21E4E900780699 /* Release */,
			);
			defaultConfigurationIsVisible = 0;
			defaultConfigurationName = Release;
		};
		04DB4C5C2D21E4E900780699 /* Build configuration list for PBXNativeTarget "sa-ra-(saferange)" */ = {
			isa = XCConfigurationList;
			buildConfigurations = (
				04DB4C5D2D21E4E900780699 /* Debug */,
				04DB4C5E2D21E4E900780699 /* Release */,
			);
			defaultConfigurationIsVisible = 0;
			defaultConfigurationName = Release;
		};
		04DB4C5F2D21E4E900780699 /* Build configuration list for PBXNativeTarget "sa-ra-(saferange)Tests" */ = {
			isa = XCConfigurationList;
			buildConfigurations = (
				04DB4C602D21E4E900780699 /* Debug */,
				04DB4C612D21E4E900780699 /* Release */,
			);
			defaultConfigurationIsVisible = 0;
			defaultConfigurationName = Release;
		};
		04DB4C622D21E4E900780699 /* Build configuration list for PBXNativeTarget "sa-ra-(saferange)UITests" */ = {
			isa = XCConfigurationList;
			buildConfigurations = (
				04DB4C632D21E4E900780699 /* Debug */,
				04DB4C642D21E4E900780699 /* Release */,
			);
			defaultConfigurationIsVisible = 0;
			defaultConfigurationName = Release;
		};
/* End XCConfigurationList section */

/* Begin XCRemoteSwiftPackageReference section */
		0467644C2D23E83100D4A846 /* XCRemoteSwiftPackageReference "firebase-ios-sdk" */ = {
			isa = XCRemoteSwiftPackageReference;
			repositoryURL = "https://github.com/firebase/firebase-ios-sdk.git";
			requirement = {
				kind = upToNextMajorVersion;
				minimumVersion = 11.6.0;
			};
		};
/* End XCRemoteSwiftPackageReference section */

/* Begin XCSwiftPackageProductDependency section */
		0467644D2D23E83100D4A846 /* FirebaseAnalytics */ = {
			isa = XCSwiftPackageProductDependency;
			package = 0467644C2D23E83100D4A846 /* XCRemoteSwiftPackageReference "firebase-ios-sdk" */;
			productName = FirebaseAnalytics;
		};
		0467644F2D23E83100D4A846 /* FirebaseAuth */ = {
			isa = XCSwiftPackageProductDependency;
			package = 0467644C2D23E83100D4A846 /* XCRemoteSwiftPackageReference "firebase-ios-sdk" */;
			productName = FirebaseAuth;
		};
		046764512D23E83100D4A846 /* FirebaseCore */ = {
			isa = XCSwiftPackageProductDependency;
			package = 0467644C2D23E83100D4A846 /* XCRemoteSwiftPackageReference "firebase-ios-sdk" */;
			productName = FirebaseCore;
		};
		046764532D23E83100D4A846 /* FirebaseCrashlytics */ = {
			isa = XCSwiftPackageProductDependency;
			package = 0467644C2D23E83100D4A846 /* XCRemoteSwiftPackageReference "firebase-ios-sdk" */;
			productName = FirebaseCrashlytics;
		};
		046764552D23E83100D4A846 /* FirebaseFirestore */ = {
			isa = XCSwiftPackageProductDependency;
			package = 0467644C2D23E83100D4A846 /* XCRemoteSwiftPackageReference "firebase-ios-sdk" */;
			productName = FirebaseFirestore;
		};
		046764572D23E83100D4A846 /* FirebaseMessaging */ = {
			isa = XCSwiftPackageProductDependency;
			package = 0467644C2D23E83100D4A846 /* XCRemoteSwiftPackageReference "firebase-ios-sdk" */;
			productName = FirebaseMessaging;
		};
		046764592D23E83100D4A846 /* FirebaseStorage */ = {
			isa = XCSwiftPackageProductDependency;
			package = 0467644C2D23E83100D4A846 /* XCRemoteSwiftPackageReference "firebase-ios-sdk" */;
			productName = FirebaseStorage;
		};
		0467645D2D2400D000D4A846 /* FirebaseFirestoreCombine-Community */ = {
			isa = XCSwiftPackageProductDependency;
			package = 0467644C2D23E83100D4A846 /* XCRemoteSwiftPackageReference "firebase-ios-sdk" */;
			productName = "FirebaseFirestoreCombine-Community";
		};
/* End XCSwiftPackageProductDependency section */
	};
	rootObject = 04DB4C302D21E4E700780699 /* Project object */;
}
